
Microsoft Visual Studio Solution File, Format Version 12.00
# Visual Studio Version 16
VisualStudioVersion = 16.0.31911.196
MinimumVisualStudioVersion = 10.0.40219.1
Project("{FAE04EC0-301F-11D3-BF4B-00C04F79EFBC}") = "Nagy_Laszlo_11B_Project-1", "Nagy_Laszlo_11B_Project-1\Nagy_Laszlo_11B_Project-1.csproj", "{2FE7BBF5-BBE2-4C15-B62B-EEA273901EA1}"
EndProject
Global
	GlobalSection(SolutionConfigurationPlatforms) = preSolution
		Debug|Any CPU = Debug|Any CPU
		Release|Any CPU = Release|Any CPU
	EndGlobalSection
	GlobalSection(ProjectConfigurationPlatforms) = postSolution
		{2FE7BBF5-BBE2-4C15-B62B-EEA273901EA1}.Debug|Any CPU.ActiveCfg = Debug|Any CPU
		{2FE7BBF5-BBE2-4C15-B62B-EEA273901EA1}.Debug|Any CPU.Build.0 = Debug|Any CPU
		{2FE7BBF5-BBE2-4C15-B62B-EEA273901EA1}.Release|Any CPU.ActiveCfg = Release|Any CPU
		{2FE7BBF5-BBE2-4C15-B62B-EEA273901EA1}.Release|Any CPU.Build.0 = Release|Any CPU
	EndGlobalSection
	GlobalSection(SolutionProperties) = preSolution
		HideSolutionNode = FALSE
	EndGlobalSection
	GlobalSection(ExtensibilityGlobals) = postSolution
		SolutionGuid = {1C771010-572E-4761-BF7E-CEACE4CDFC27}
	EndGlobalSection
EndGlobal
